
Microsoft Visual Studio Solution File, Format Version 12.00
# Visual Studio Version 16
VisualStudioVersion = 16.0.31702.278
MinimumVisualStudioVersion = 10.0.40219.1
Project("{9A19103F-16F7-4668-BE54-9A1E7A4F7556}") = "AMS_BAL", "AMS_BAL.csproj", "{3A909EFF-A6D1-4CFC-8DFC-F7965DFB8042}"
EndProject
Global
	GlobalSection(SolutionConfigurationPlatforms) = preSolution
		Debug|Any CPU = Debug|Any CPU
		Release|Any CPU = Release|Any CPU
	EndGlobalSection
	GlobalSection(ProjectConfigurationPlatforms) = postSolution
		{3A909EFF-A6D1-4CFC-8DFC-F7965DFB8042}.Debug|Any CPU.ActiveCfg = Debug|Any CPU
		{3A909EFF-A6D1-4CFC-8DFC-F7965DFB8042}.Debug|Any CPU.Build.0 = Debug|Any CPU
		{3A909EFF-A6D1-4CFC-8DFC-F7965DFB8042}.Release|Any CPU.ActiveCfg = Release|Any CPU
		{3A909EFF-A6D1-4CFC-8DFC-F7965DFB8042}.Release|Any CPU.Build.0 = Release|Any CPU
	EndGlobalSection
	GlobalSection(SolutionProperties) = preSolution
		HideSolutionNode = FALSE
	EndGlobalSection
	GlobalSection(ExtensibilityGlobals) = postSolution
		SolutionGuid = {AC248638-C288-4B9A-81AE-E95820C4410A}
	EndGlobalSection
EndGlobal
